
Microsoft Visual Studio Solution File, Format Version 12.00
# Visual Studio Version 17
VisualStudioVersion = 17.14.36203.30 d17.14
MinimumVisualStudioVersion = 10.0.40219.1
Project("{FAE04EC0-301F-11D3-BF4B-00C04F79EFBC}") = "Person", "Person\Person.csproj", "{4450F2FB-8004-47DF-8AA6-4311A7DB517C}"
EndProject
Global
	GlobalSection(SolutionConfigurationPlatforms) = preSolution
		Debug|Any CPU = Debug|Any CPU
		Release|Any CPU = Release|Any CPU
	EndGlobalSection
	GlobalSection(ProjectConfigurationPlatforms) = postSolution
		{4450F2FB-8004-47DF-8AA6-4311A7DB517C}.Debug|Any CPU.ActiveCfg = Debug|Any CPU
		{4450F2FB-8004-47DF-8AA6-4311A7DB517C}.Debug|Any CPU.Build.0 = Debug|Any CPU
		{4450F2FB-8004-47DF-8AA6-4311A7DB517C}.Release|Any CPU.ActiveCfg = Release|Any CPU
		{4450F2FB-8004-47DF-8AA6-4311A7DB517C}.Release|Any CPU.Build.0 = Release|Any CPU
	EndGlobalSection
	GlobalSection(SolutionProperties) = preSolution
		HideSolutionNode = FALSE
	EndGlobalSection
	GlobalSection(ExtensibilityGlobals) = postSolution
		SolutionGuid = {F8198E12-6663-4D71-B774-422E2DBD1500}
	EndGlobalSection
EndGlobal
